
Microsoft Visual Studio Solution File, Format Version 12.00
# Visual Studio Version 16
VisualStudioVersion = 16.0.30413.136
MinimumVisualStudioVersion = 10.0.40219.1
Project("{9A19103F-16F7-4668-BE54-9A1E7A4F7556}") = "PictureManager", "PictureManager\PictureManager.csproj", "{F4754729-ABAC-46A3-8932-F51947BF6A2B}"
EndProject
Project("{FAE04EC0-301F-11D3-BF4B-00C04F79EFBC}") = "PictureManagerApi", "PictureManagerApi\PictureManagerApi.csproj", "{310E997E-6AF0-4792-924E-AF34EA0A412D}"
EndProject
Global
	GlobalSection(SolutionConfigurationPlatforms) = preSolution
		Debug|Any CPU = Debug|Any CPU
		Release|Any CPU = Release|Any CPU
	EndGlobalSection
	GlobalSection(ProjectConfigurationPlatforms) = postSolution
		{F4754729-ABAC-46A3-8932-F51947BF6A2B}.Debug|Any CPU.ActiveCfg = Debug|Any CPU
		{F4754729-ABAC-46A3-8932-F51947BF6A2B}.Debug|Any CPU.Build.0 = Debug|Any CPU
		{F4754729-ABAC-46A3-8932-F51947BF6A2B}.Release|Any CPU.ActiveCfg = Release|Any CPU
		{F4754729-ABAC-46A3-8932-F51947BF6A2B}.Release|Any CPU.Build.0 = Release|Any CPU
		{310E997E-6AF0-4792-924E-AF34EA0A412D}.Debug|Any CPU.ActiveCfg = Debug|Any CPU
		{310E997E-6AF0-4792-924E-AF34EA0A412D}.Debug|Any CPU.Build.0 = Debug|Any CPU
		{310E997E-6AF0-4792-924E-AF34EA0A412D}.Release|Any CPU.ActiveCfg = Release|Any CPU
		{310E997E-6AF0-4792-924E-AF34EA0A412D}.Release|Any CPU.Build.0 = Release|Any CPU
	EndGlobalSection
	GlobalSection(SolutionProperties) = preSolution
		HideSolutionNode = FALSE
	EndGlobalSection
	GlobalSection(ExtensibilityGlobals) = postSolution
		SolutionGuid = {2B0C813F-C4AB-4378-AFF2-AFF3D0A4C1EA}
	EndGlobalSection
EndGlobal
